{
  "name": "soil-web-framework",
  "version": "0.0.1",
  "lockfileVersion": 2,
  "requires": true,
  "packages": {
    "": {
      "name": "soil-web-framework",
      "version": "0.0.1",
      "license": "MIT",
      "dependencies": {
        "soil-core-framework": "^0.0.1",
        "uWebSockets.js": "https://github.com/uNetworking/uWebSockets.js/archive/refs/tags/v20.4.0.tar.gz"
      }
    },
    "node_modules/soil-core-framework": {
      "version": "0.0.1",
      "resolved": "https://registry.npmjs.org/soil-core-framework/-/soil-core-framework-0.0.1.tgz",
      "integrity": "sha512-GJ7IF+Nt1Fhd4/f1Edp/hFUeXn2UW/hmq2np7m3IWYdsDHG7aBQFhvvVUGZ10kjgF3ef60nqL3mujR6HPzt1EQ=="
    },
    "node_modules/uWebSockets.js": {
      "version": "20.4.0",
      "resolved": "https://github.com/uNetworking/uWebSockets.js/archive/refs/tags/v20.4.0.tar.gz",
      "integrity": "sha512-pVhNHMMjMILRK942aVfRcv3rtfZ1bvMChcJWJVkpV5LudYIiknWUvUv28NzioCyowbnHJqQmCEFAXBsjqrCP4Q=="
    }
  },
  "dependencies": {
    "soil-core-framework": {
      "version": "0.0.1",
      "resolved": "https://registry.npmjs.org/soil-core-framework/-/soil-core-framework-0.0.1.tgz",
      "integrity": "sha512-GJ7IF+Nt1Fhd4/f1Edp/hFUeXn2UW/hmq2np7m3IWYdsDHG7aBQFhvvVUGZ10kjgF3ef60nqL3mujR6HPzt1EQ=="
    },
    "uWebSockets.js": {
      "version": "https://github.com/uNetworking/uWebSockets.js/archive/refs/tags/v20.4.0.tar.gz",
      "integrity": "sha512-pVhNHMMjMILRK942aVfRcv3rtfZ1bvMChcJWJVkpV5LudYIiknWUvUv28NzioCyowbnHJqQmCEFAXBsjqrCP4Q=="
    }
  }
}
